
Microsoft Visual Studio Solution File, Format Version 12.00
# Visual Studio Version 17
VisualStudioVersion = 17.3.32929.385
MinimumVisualStudioVersion = 10.0.40219.1
Project("{9A19103F-16F7-4668-BE54-9A1E7A4F7556}") = "MathForGames2025", "MathForGames2025\MathForGames2025.csproj", "{819C7A03-0571-4C23-A712-49FB7D789CA9}"
EndProject
Project("{9A19103F-16F7-4668-BE54-9A1E7A4F7556}") = "MathLibrary", "MathLibrary\MathLibrary.csproj", "{1D92A1E1-EDB8-4664-8C83-6E757B1088B9}"
EndProject
Project("{2150E333-8FDC-42A3-9474-1A3956D46DE8}") = "Solution Items", "Solution Items", "{9C2E8FBD-7B19-4212-98B9-014EB3EC96F5}"
	ProjectSection(SolutionItems) = preProject
		.editorconfig = .editorconfig
	EndProjectSection
EndProject
Global
	GlobalSection(SolutionConfigurationPlatforms) = preSolution
		Debug|Any CPU = Debug|Any CPU
		Release|Any CPU = Release|Any CPU
	EndGlobalSection
	GlobalSection(ProjectConfigurationPlatforms) = postSolution
		{819C7A03-0571-4C23-A712-49FB7D789CA9}.Debug|Any CPU.ActiveCfg = Debug|Any CPU
		{819C7A03-0571-4C23-A712-49FB7D789CA9}.Debug|Any CPU.Build.0 = Debug|Any CPU
		{819C7A03-0571-4C23-A712-49FB7D789CA9}.Release|Any CPU.ActiveCfg = Release|Any CPU
		{819C7A03-0571-4C23-A712-49FB7D789CA9}.Release|Any CPU.Build.0 = Release|Any CPU
		{1D92A1E1-EDB8-4664-8C83-6E757B1088B9}.Debug|Any CPU.ActiveCfg = Debug|Any CPU
		{1D92A1E1-EDB8-4664-8C83-6E757B1088B9}.Debug|Any CPU.Build.0 = Debug|Any CPU
		{1D92A1E1-EDB8-4664-8C83-6E757B1088B9}.Release|Any CPU.ActiveCfg = Release|Any CPU
		{1D92A1E1-EDB8-4664-8C83-6E757B1088B9}.Release|Any CPU.Build.0 = Release|Any CPU
	EndGlobalSection
	GlobalSection(SolutionProperties) = preSolution
		HideSolutionNode = FALSE
	EndGlobalSection
	GlobalSection(ExtensibilityGlobals) = postSolution
		SolutionGuid = {90B84CBF-714E-41D5-AB64-3080C84B2F26}
	EndGlobalSection
EndGlobal
